
Microsoft Visual Studio Solution File, Format Version 12.00
# Visual Studio Version 17
VisualStudioVersion = 17.13.35818.85 d17.13
MinimumVisualStudioVersion = 10.0.40219.1
Project("{FAE04EC0-301F-11D3-BF4B-00C04F79EFBC}") = "WaterDelivery", "WaterDelivery\WaterDelivery.csproj", "{507168DD-0AE0-4DE1-87DC-C80C2ECEF25A}"
EndProject
Global
	GlobalSection(SolutionConfigurationPlatforms) = preSolution
		Debug|Any CPU = Debug|Any CPU
		Release|Any CPU = Release|Any CPU
	EndGlobalSection
	GlobalSection(ProjectConfigurationPlatforms) = postSolution
		{507168DD-0AE0-4DE1-87DC-C80C2ECEF25A}.Debug|Any CPU.ActiveCfg = Debug|Any CPU
		{507168DD-0AE0-4DE1-87DC-C80C2ECEF25A}.Debug|Any CPU.Build.0 = Debug|Any CPU
		{507168DD-0AE0-4DE1-87DC-C80C2ECEF25A}.Release|Any CPU.ActiveCfg = Release|Any CPU
		{507168DD-0AE0-4DE1-87DC-C80C2ECEF25A}.Release|Any CPU.Build.0 = Release|Any CPU
	EndGlobalSection
	GlobalSection(SolutionProperties) = preSolution
		HideSolutionNode = FALSE
	EndGlobalSection
	GlobalSection(ExtensibilityGlobals) = postSolution
		SolutionGuid = {9A0AF7FA-665E-411C-B1D0-9876E59F3CF2}
	EndGlobalSection
EndGlobal
